
Microsoft Visual Studio Solution File, Format Version 12.00
# Visual Studio 15
VisualStudioVersion = 15.0.26730.16
MinimumVisualStudioVersion = 10.0.40219.1
Project("{FAE04EC0-301F-11D3-BF4B-00C04F79EFBC}") = "HW7", "HW7\HW7.csproj", "{6003B301-A4F4-44BA-8196-6C0B05579C6F}"
EndProject
Global
	GlobalSection(SolutionConfigurationPlatforms) = preSolution
		Debug|Any CPU = Debug|Any CPU
		Release|Any CPU = Release|Any CPU
	EndGlobalSection
	GlobalSection(ProjectConfigurationPlatforms) = postSolution
		{6003B301-A4F4-44BA-8196-6C0B05579C6F}.Debug|Any CPU.ActiveCfg = Debug|Any CPU
		{6003B301-A4F4-44BA-8196-6C0B05579C6F}.Debug|Any CPU.Build.0 = Debug|Any CPU
		{6003B301-A4F4-44BA-8196-6C0B05579C6F}.Release|Any CPU.ActiveCfg = Release|Any CPU
		{6003B301-A4F4-44BA-8196-6C0B05579C6F}.Release|Any CPU.Build.0 = Release|Any CPU
	EndGlobalSection
	GlobalSection(SolutionProperties) = preSolution
		HideSolutionNode = FALSE
	EndGlobalSection
	GlobalSection(ExtensibilityGlobals) = postSolution
		SolutionGuid = {B60E776F-B70B-40D5-B995-0A80A06B83CF}
	EndGlobalSection
EndGlobal
